
Microsoft Visual Studio Solution File, Format Version 12.00
# Visual Studio Version 16
VisualStudioVersion = 16.0.31624.102
MinimumVisualStudioVersion = 10.0.40219.1
Project("{FAE04EC0-301F-11D3-BF4B-00C04F79EFBC}") = "ClientCracking", "ClientCracking\ClientCracking.csproj", "{FF19259F-38DB-433D-8F9E-3CC05ECFBD1F}"
EndProject
Global
	GlobalSection(SolutionConfigurationPlatforms) = preSolution
		Debug|Any CPU = Debug|Any CPU
		Release|Any CPU = Release|Any CPU
	EndGlobalSection
	GlobalSection(ProjectConfigurationPlatforms) = postSolution
		{FF19259F-38DB-433D-8F9E-3CC05ECFBD1F}.Debug|Any CPU.ActiveCfg = Debug|Any CPU
		{FF19259F-38DB-433D-8F9E-3CC05ECFBD1F}.Debug|Any CPU.Build.0 = Debug|Any CPU
		{FF19259F-38DB-433D-8F9E-3CC05ECFBD1F}.Release|Any CPU.ActiveCfg = Release|Any CPU
		{FF19259F-38DB-433D-8F9E-3CC05ECFBD1F}.Release|Any CPU.Build.0 = Release|Any CPU
	EndGlobalSection
	GlobalSection(SolutionProperties) = preSolution
		HideSolutionNode = FALSE
	EndGlobalSection
	GlobalSection(ExtensibilityGlobals) = postSolution
		SolutionGuid = {DD84E124-FFA0-46D8-9DAC-8C3121624D20}
	EndGlobalSection
EndGlobal
